// !$*UTF8*$!
{
	archiveVersion = 1;
	classes = {
	};
	objectVersion = 56;
	objects = {

/* Begin PBXBuildFile section */
		34A328082C61811C0092B175 /* thrust.wav in Resources */ = {isa = PBXBuildFile; fileRef = 34A327FE2C61811B0092B175 /* thrust.wav */; };
		34A328092C61811C0092B175 /* saucerBig.wav in Resources */ = {isa = PBXBuildFile; fileRef = 34A327FF2C61811B0092B175 /* saucerBig.wav */; };
		34A3280A2C61811C0092B175 /* bangMedium.wav in Resources */ = {isa = PBXBuildFile; fileRef = 34A328002C61811B0092B175 /* bangMedium.wav */; };
		34A3280B2C61811C0092B175 /* beat2.wav in Resources */ = {isa = PBXBuildFile; fileRef = 34A328012C61811B0092B175 /* beat2.wav */; };
		34A3280C2C61811C0092B175 /* extraShip.wav in Resources */ = {isa = PBXBuildFile; fileRef = 34A328022C61811B0092B175 /* extraShip.wav */; };
		34A3280D2C61811C0092B175 /* beat1.wav in Resources */ = {isa = PBXBuildFile; fileRef = 34A328032C61811B0092B175 /* beat1.wav */; };
		34A3280E2C61811C0092B175 /* fire.wav in Resources */ = {isa = PBXBuildFile; fileRef = 34A328042C61811B0092B175 /* fire.wav */; };
		34A3280F2C61811C0092B175 /* saucerSmall.wav in Resources */ = {isa = PBXBuildFile; fileRef = 34A328052C61811C0092B175 /* saucerSmall.wav */; };
		34A328102C61811C0092B175 /* bangLarge.wav in Resources */ = {isa = PBXBuildFile; fileRef = 34A328062C61811C0092B175 /* bangLarge.wav */; };
		34A328112C61811C0092B175 /* bangSmall.wav in Resources */ = {isa = PBXBuildFile; fileRef = 34A328072C61811C0092B175 /* bangSmall.wav */; };
		34A328162C6184D90092B175 /* SoundFX.swift in Sources */ = {isa = PBXBuildFile; fileRef = 34A328152C6184D90092B175 /* SoundFX.swift */; };
		34A328182C623A2F0092B175 /* ExplosionView.swift in Sources */ = {isa = PBXBuildFile; fileRef = 34A328172C623A2F0092B175 /* ExplosionView.swift */; };
		34A328202C63FFBB0092B175 /* StartView.swift in Sources */ = {isa = PBXBuildFile; fileRef = 34A3281F2C63FFBB0092B175 /* StartView.swift */; };
		34A328222C6402FE0092B175 /* GameOverView.swift in Sources */ = {isa = PBXBuildFile; fileRef = 34A328212C6402FE0092B175 /* GameOverView.swift */; };
		34A328272C641C040092B175 /* Hyperspace.otf in Resources */ = {isa = PBXBuildFile; fileRef = 34A328232C641C040092B175 /* Hyperspace.otf */; };
		34A328282C641C040092B175 /* Hyperspace Bold.otf in Resources */ = {isa = PBXBuildFile; fileRef = 34A328242C641C040092B175 /* Hyperspace Bold.otf */; };
		34A3282C2C64C3CD0092B175 /* LevelView.swift in Sources */ = {isa = PBXBuildFile; fileRef = 34A3282B2C64C3CD0092B175 /* LevelView.swift */; };
		34A3282E2C64D4840092B175 /* ShipLifeView.swift in Sources */ = {isa = PBXBuildFile; fileRef = 34A3282D2C64D4840092B175 /* ShipLifeView.swift */; };
		34A328302C64ED6B0092B175 /* ExplodeShip.swift in Sources */ = {isa = PBXBuildFile; fileRef = 34A3282F2C64ED6B0092B175 /* ExplodeShip.swift */; };
		34B38C332C5F9F0500C2CAAD /* AsteroidsApp.swift in Sources */ = {isa = PBXBuildFile; fileRef = 34B38C322C5F9F0500C2CAAD /* AsteroidsApp.swift */; };
		34B38C352C5F9F0500C2CAAD /* ContentView.swift in Sources */ = {isa = PBXBuildFile; fileRef = 34B38C342C5F9F0500C2CAAD /* ContentView.swift */; };
		34B38C372C5F9F0700C2CAAD /* Assets.xcassets in Resources */ = {isa = PBXBuildFile; fileRef = 34B38C362C5F9F0700C2CAAD /* Assets.xcassets */; };
		34B38C3A2C5F9F0700C2CAAD /* Preview Assets.xcassets in Resources */ = {isa = PBXBuildFile; fileRef = 34B38C392C5F9F0700C2CAAD /* Preview Assets.xcassets */; };
		34B38C412C5F9F3600C2CAAD /* TopView.swift in Sources */ = {isa = PBXBuildFile; fileRef = 34B38C402C5F9F3600C2CAAD /* TopView.swift */; };
		34B38C432C5F9F4800C2CAAD /* GameView.swift in Sources */ = {isa = PBXBuildFile; fileRef = 34B38C422C5F9F4800C2CAAD /* GameView.swift */; };
		34B38C452C5F9F5B00C2CAAD /* ControlsView.swift in Sources */ = {isa = PBXBuildFile; fileRef = 34B38C442C5F9F5B00C2CAAD /* ControlsView.swift */; };
		34B38C472C5FA6EE00C2CAAD /* ShipView.swift in Sources */ = {isa = PBXBuildFile; fileRef = 34B38C462C5FA6EE00C2CAAD /* ShipView.swift */; };
		34B38C492C5FB9B200C2CAAD /* GameManager.swift in Sources */ = {isa = PBXBuildFile; fileRef = 34B38C482C5FB9B200C2CAAD /* GameManager.swift */; };
		34B38C4E2C5FDB6800C2CAAD /* BulletView.swift in Sources */ = {isa = PBXBuildFile; fileRef = 34B38C4D2C5FDB6800C2CAAD /* BulletView.swift */; };
		34B38C502C6027C200C2CAAD /* AsteroidView.swift in Sources */ = {isa = PBXBuildFile; fileRef = 34B38C4F2C6027C200C2CAAD /* AsteroidView.swift */; };
		34B38C522C602AD800C2CAAD /* SaucerView.swift in Sources */ = {isa = PBXBuildFile; fileRef = 34B38C512C602AD800C2CAAD /* SaucerView.swift */; };
		34B38C542C60F96500C2CAAD /* VectorGraphics.swift in Sources */ = {isa = PBXBuildFile; fileRef = 34B38C532C60F96500C2CAAD /* VectorGraphics.swift */; };
/* End PBXBuildFile section */

/* Begin PBXFileReference section */
		34A327FE2C61811B0092B175 /* thrust.wav */ = {isa = PBXFileReference; lastKnownFileType = audio.wav; path = thrust.wav; sourceTree = "<group>"; };
		34A327FF2C61811B0092B175 /* saucerBig.wav */ = {isa = PBXFileReference; lastKnownFileType = audio.wav; path = saucerBig.wav; sourceTree = "<group>"; };
		34A328002C61811B0092B175 /* bangMedium.wav */ = {isa = PBXFileReference; lastKnownFileType = audio.wav; path = bangMedium.wav; sourceTree = "<group>"; };
		34A328012C61811B0092B175 /* beat2.wav */ = {isa = PBXFileReference; lastKnownFileType = audio.wav; path = beat2.wav; sourceTree = "<group>"; };
		34A328022C61811B0092B175 /* extraShip.wav */ = {isa = PBXFileReference; lastKnownFileType = audio.wav; path = extraShip.wav; sourceTree = "<group>"; };
		34A328032C61811B0092B175 /* beat1.wav */ = {isa = PBXFileReference; lastKnownFileType = audio.wav; path = beat1.wav; sourceTree = "<group>"; };
		34A328042C61811B0092B175 /* fire.wav */ = {isa = PBXFileReference; lastKnownFileType = audio.wav; path = fire.wav; sourceTree = "<group>"; };
		34A328052C61811C0092B175 /* saucerSmall.wav */ = {isa = PBXFileReference; lastKnownFileType = audio.wav; path = saucerSmall.wav; sourceTree = "<group>"; };
		34A328062C61811C0092B175 /* bangLarge.wav */ = {isa = PBXFileReference; lastKnownFileType = audio.wav; path = bangLarge.wav; sourceTree = "<group>"; };
		34A328072C61811C0092B175 /* bangSmall.wav */ = {isa = PBXFileReference; lastKnownFileType = audio.wav; path = bangSmall.wav; sourceTree = "<group>"; };
		34A328152C6184D90092B175 /* SoundFX.swift */ = {isa = PBXFileReference; lastKnownFileType = sourcecode.swift; path = SoundFX.swift; sourceTree = "<group>"; };
		34A328172C623A2F0092B175 /* ExplosionView.swift */ = {isa = PBXFileReference; lastKnownFileType = sourcecode.swift; path = ExplosionView.swift; sourceTree = "<group>"; };
		34A328192C63A9940092B175 /* Info.plist */ = {isa = PBXFileReference; lastKnownFileType = text.plist; path = Info.plist; sourceTree = "<group>"; };
		34A3281F2C63FFBB0092B175 /* StartView.swift */ = {isa = PBXFileReference; lastKnownFileType = sourcecode.swift; path = StartView.swift; sourceTree = "<group>"; };
		34A328212C6402FE0092B175 /* GameOverView.swift */ = {isa = PBXFileReference; lastKnownFileType = sourcecode.swift; path = GameOverView.swift; sourceTree = "<group>"; };
		34A328232C641C040092B175 /* Hyperspace.otf */ = {isa = PBXFileReference; lastKnownFileType = file; path = Hyperspace.otf; sourceTree = "<group>"; };
		34A328242C641C040092B175 /* Hyperspace Bold.otf */ = {isa = PBXFileReference; lastKnownFileType = file; path = "Hyperspace Bold.otf"; sourceTree = "<group>"; };
		34A3282B2C64C3CD0092B175 /* LevelView.swift */ = {isa = PBXFileReference; lastKnownFileType = sourcecode.swift; path = LevelView.swift; sourceTree = "<group>"; };
		34A3282D2C64D4840092B175 /* ShipLifeView.swift */ = {isa = PBXFileReference; lastKnownFileType = sourcecode.swift; path = ShipLifeView.swift; sourceTree = "<group>"; };
		34A3282F2C64ED6B0092B175 /* ExplodeShip.swift */ = {isa = PBXFileReference; lastKnownFileType = sourcecode.swift; path = ExplodeShip.swift; sourceTree = "<group>"; };
		34B38C2F2C5F9F0500C2CAAD /* Asteroids.app */ = {isa = PBXFileReference; explicitFileType = wrapper.application; includeInIndex = 0; path = Asteroids.app; sourceTree = BUILT_PRODUCTS_DIR; };
		34B38C322C5F9F0500C2CAAD /* AsteroidsApp.swift */ = {isa = PBXFileReference; lastKnownFileType = sourcecode.swift; path = AsteroidsApp.swift; sourceTree = "<group>"; };
		34B38C342C5F9F0500C2CAAD /* ContentView.swift */ = {isa = PBXFileReference; lastKnownFileType = sourcecode.swift; path = ContentView.swift; sourceTree = "<group>"; };
		34B38C362C5F9F0700C2CAAD /* Assets.xcassets */ = {isa = PBXFileReference; lastKnownFileType = folder.assetcatalog; path = Assets.xcassets; sourceTree = "<group>"; };
		34B38C392C5F9F0700C2CAAD /* Preview Assets.xcassets */ = {isa = PBXFileReference; lastKnownFileType = folder.assetcatalog; path = "Preview Assets.xcassets"; sourceTree = "<group>"; };
		34B38C402C5F9F3600C2CAAD /* TopView.swift */ = {isa = PBXFileReference; lastKnownFileType = sourcecode.swift; path = TopView.swift; sourceTree = "<group>"; };
		34B38C422C5F9F4800C2CAAD /* GameView.swift */ = {isa = PBXFileReference; lastKnownFileType = sourcecode.swift; path = GameView.swift; sourceTree = "<group>"; };
		34B38C442C5F9F5B00C2CAAD /* ControlsView.swift */ = {isa = PBXFileReference; lastKnownFileType = sourcecode.swift; path = ControlsView.swift; sourceTree = "<group>"; };
		34B38C462C5FA6EE00C2CAAD /* ShipView.swift */ = {isa = PBXFileReference; lastKnownFileType = sourcecode.swift; path = ShipView.swift; sourceTree = "<group>"; };
		34B38C482C5FB9B200C2CAAD /* GameManager.swift */ = {isa = PBXFileReference; lastKnownFileType = sourcecode.swift; path = GameManager.swift; sourceTree = "<group>"; };
		34B38C4D2C5FDB6800C2CAAD /* BulletView.swift */ = {isa = PBXFileReference; lastKnownFileType = sourcecode.swift; path = BulletView.swift; sourceTree = "<group>"; };
		34B38C4F2C6027C200C2CAAD /* AsteroidView.swift */ = {isa = PBXFileReference; lastKnownFileType = sourcecode.swift; path = AsteroidView.swift; sourceTree = "<group>"; };
		34B38C512C602AD800C2CAAD /* SaucerView.swift */ = {isa = PBXFileReference; lastKnownFileType = sourcecode.swift; path = SaucerView.swift; sourceTree = "<group>"; };
		34B38C532C60F96500C2CAAD /* VectorGraphics.swift */ = {isa = PBXFileReference; lastKnownFileType = sourcecode.swift; path = VectorGraphics.swift; sourceTree = "<group>"; };
/* End PBXFileReference section */

/* Begin PBXFrameworksBuildPhase section */
		34B38C2C2C5F9F0500C2CAAD /* Frameworks */ = {
			isa = PBXFrameworksBuildPhase;
			buildActionMask = 2147483647;
			files = (
			);
			runOnlyForDeploymentPostprocessing = 0;
		};
/* End PBXFrameworksBuildPhase section */

/* Begin PBXGroup section */
		34A327FD2C6180FB0092B175 /* Sounds */ = {
			isa = PBXGroup;
			children = (
				34A328062C61811C0092B175 /* bangLarge.wav */,
				34A328002C61811B0092B175 /* bangMedium.wav */,
				34A328072C61811C0092B175 /* bangSmall.wav */,
				34A328032C61811B0092B175 /* beat1.wav */,
				34A328012C61811B0092B175 /* beat2.wav */,
				34A328022C61811B0092B175 /* extraShip.wav */,
				34A328042C61811B0092B175 /* fire.wav */,
				34A327FF2C61811B0092B175 /* saucerBig.wav */,
				34A328052C61811C0092B175 /* saucerSmall.wav */,
				34A327FE2C61811B0092B175 /* thrust.wav */,
				34A328152C6184D90092B175 /* SoundFX.swift */,
			);
			path = Sounds;
			sourceTree = "<group>";
		};
		34A3281A2C63A9E30092B175 /* font */ = {
			isa = PBXGroup;
			children = (
				34A328242C641C040092B175 /* Hyperspace Bold.otf */,
				34A328232C641C040092B175 /* Hyperspace.otf */,
			);
			path = font;
			sourceTree = "<group>";
		};
		34B38C262C5F9F0500C2CAAD = {
			isa = PBXGroup;
			children = (
				34B38C312C5F9F0500C2CAAD /* Asteroids */,
				34B38C302C5F9F0500C2CAAD /* Products */,
			);
			sourceTree = "<group>";
		};
		34B38C302C5F9F0500C2CAAD /* Products */ = {
			isa = PBXGroup;
			children = (
				34B38C2F2C5F9F0500C2CAAD /* Asteroids.app */,
			);
			name = Products;
			sourceTree = "<group>";
		};
		34B38C312C5F9F0500C2CAAD /* Asteroids */ = {
			isa = PBXGroup;
			children = (
				34A3281A2C63A9E30092B175 /* font */,
				34A328192C63A9940092B175 /* Info.plist */,
				34A327FD2C6180FB0092B175 /* Sounds */,
				34B38C322C5F9F0500C2CAAD /* AsteroidsApp.swift */,
				34B38C342C5F9F0500C2CAAD /* ContentView.swift */,
				34B38C362C5F9F0700C2CAAD /* Assets.xcassets */,
				34B38C382C5F9F0700C2CAAD /* Preview Content */,
				34B38C402C5F9F3600C2CAAD /* TopView.swift */,
				34B38C422C5F9F4800C2CAAD /* GameView.swift */,
				34B38C442C5F9F5B00C2CAAD /* ControlsView.swift */,
				34B38C462C5FA6EE00C2CAAD /* ShipView.swift */,
				34B38C482C5FB9B200C2CAAD /* GameManager.swift */,
				34B38C4D2C5FDB6800C2CAAD /* BulletView.swift */,
				34B38C4F2C6027C200C2CAAD /* AsteroidView.swift */,
				34B38C512C602AD800C2CAAD /* SaucerView.swift */,
				34B38C532C60F96500C2CAAD /* VectorGraphics.swift */,
				34A328172C623A2F0092B175 /* ExplosionView.swift */,
				34A3281F2C63FFBB0092B175 /* StartView.swift */,
				34A328212C6402FE0092B175 /* GameOverView.swift */,
				34A3282B2C64C3CD0092B175 /* LevelView.swift */,
				34A3282D2C64D4840092B175 /* ShipLifeView.swift */,
				34A3282F2C64ED6B0092B175 /* ExplodeShip.swift */,
			);
			path = Asteroids;
			sourceTree = "<group>";
		};
		34B38C382C5F9F0700C2CAAD /* Preview Content */ = {
			isa = PBXGroup;
			children = (
				34B38C392C5F9F0700C2CAAD /* Preview Assets.xcassets */,
			);
			path = "Preview Content";
			sourceTree = "<group>";
		};
/* End PBXGroup section */

/* Begin PBXNativeTarget section */
		34B38C2E2C5F9F0500C2CAAD /* Asteroids */ = {
			isa = PBXNativeTarget;
			buildConfigurationList = 34B38C3D2C5F9F0700C2CAAD /* Build configuration list for PBXNativeTarget "Asteroids" */;
			buildPhases = (
				34B38C2B2C5F9F0500C2CAAD /* Sources */,
				34B38C2C2C5F9F0500C2CAAD /* Frameworks */,
				34B38C2D2C5F9F0500C2CAAD /* Resources */,
			);
			buildRules = (
			);
			dependencies = (
			);
			name = Asteroids;
			productName = Asteroids;
			productReference = 34B38C2F2C5F9F0500C2CAAD /* Asteroids.app */;
			productType = "com.apple.product-type.application";
		};
/* End PBXNativeTarget section */

/* Begin PBXProject section */
		34B38C272C5F9F0500C2CAAD /* Project object */ = {
			isa = PBXProject;
			attributes = {
				BuildIndependentTargetsInParallel = 1;
				LastSwiftUpdateCheck = 1540;
				LastUpgradeCheck = 1540;
				TargetAttributes = {
					34B38C2E2C5F9F0500C2CAAD = {
						CreatedOnToolsVersion = 15.4;
					};
				};
			};
			buildConfigurationList = 34B38C2A2C5F9F0500C2CAAD /* Build configuration list for PBXProject "Asteroids" */;
			compatibilityVersion = "Xcode 14.0";
			developmentRegion = en;
			hasScannedForEncodings = 0;
			knownRegions = (
				en,
				Base,
			);
			mainGroup = 34B38C262C5F9F0500C2CAAD;
			productRefGroup = 34B38C302C5F9F0500C2CAAD /* Products */;
			projectDirPath = "";
			projectRoot = "";
			targets = (
				34B38C2E2C5F9F0500C2CAAD /* Asteroids */,
			);
		};
/* End PBXProject section */

/* Begin PBXResourcesBuildPhase section */
		34B38C2D2C5F9F0500C2CAAD /* Resources */ = {
			isa = PBXResourcesBuildPhase;
			buildActionMask = 2147483647;
			files = (
				34A3280C2C61811C0092B175 /* extraShip.wav in Resources */,
				34A3280A2C61811C0092B175 /* bangMedium.wav in Resources */,
				34A328282C641C040092B175 /* Hyperspace Bold.otf in Resources */,
				34A3280D2C61811C0092B175 /* beat1.wav in Resources */,
				34B38C3A2C5F9F0700C2CAAD /* Preview Assets.xcassets in Resources */,
				34A328272C641C040092B175 /* Hyperspace.otf in Resources */,
				34A328102C61811C0092B175 /* bangLarge.wav in Resources */,
				34A328082C61811C0092B175 /* thrust.wav in Resources */,
				34A328112C61811C0092B175 /* bangSmall.wav in Resources */,
				34A3280B2C61811C0092B175 /* beat2.wav in Resources */,
				34A3280E2C61811C0092B175 /* fire.wav in Resources */,
				34A3280F2C61811C0092B175 /* saucerSmall.wav in Resources */,
				34A328092C61811C0092B175 /* saucerBig.wav in Resources */,
				34B38C372C5F9F0700C2CAAD /* Assets.xcassets in Resources */,
			);
			runOnlyForDeploymentPostprocessing = 0;
		};
/* End PBXResourcesBuildPhase section */

/* Begin PBXSourcesBuildPhase section */
		34B38C2B2C5F9F0500C2CAAD /* Sources */ = {
			isa = PBXSourcesBuildPhase;
			buildActionMask = 2147483647;
			files = (
				34B38C472C5FA6EE00C2CAAD /* ShipView.swift in Sources */,
				34B38C522C602AD800C2CAAD /* SaucerView.swift in Sources */,
				34B38C352C5F9F0500C2CAAD /* ContentView.swift in Sources */,
				34B38C412C5F9F3600C2CAAD /* TopView.swift in Sources */,
				34B38C542C60F96500C2CAAD /* VectorGraphics.swift in Sources */,
				34A328182C623A2F0092B175 /* ExplosionView.swift in Sources */,
				34B38C492C5FB9B200C2CAAD /* GameManager.swift in Sources */,
				34A3282E2C64D4840092B175 /* ShipLifeView.swift in Sources */,
				34B38C432C5F9F4800C2CAAD /* GameView.swift in Sources */,
				34A328162C6184D90092B175 /* SoundFX.swift in Sources */,
				34B38C452C5F9F5B00C2CAAD /* ControlsView.swift in Sources */,
				34A328222C6402FE0092B175 /* GameOverView.swift in Sources */,
				34B38C4E2C5FDB6800C2CAAD /* BulletView.swift in Sources */,
				34B38C332C5F9F0500C2CAAD /* AsteroidsApp.swift in Sources */,
				34A3282C2C64C3CD0092B175 /* LevelView.swift in Sources */,
				34B38C502C6027C200C2CAAD /* AsteroidView.swift in Sources */,
				34A328202C63FFBB0092B175 /* StartView.swift in Sources */,
				34A328302C64ED6B0092B175 /* ExplodeShip.swift in Sources */,
			);
			runOnlyForDeploymentPostprocessing = 0;
		};
/* End PBXSourcesBuildPhase section */

/* Begin XCBuildConfiguration section */
		34B38C3B2C5F9F0700C2CAAD /* Debug */ = {
			isa = XCBuildConfiguration;
			buildSettings = {
				ALWAYS_SEARCH_USER_PATHS = NO;
				ASSETCATALOG_COMPILER_GENERATE_SWIFT_ASSET_SYMBOL_EXTENSIONS = YES;
				CLANG_ANALYZER_NONNULL = YES;
				CLANG_ANALYZER_NUMBER_OBJECT_CONVERSION = YES_AGGRESSIVE;
				CLANG_CXX_LANGUAGE_STANDARD = "gnu++20";
				CLANG_ENABLE_MODULES = YES;
				CLANG_ENABLE_OBJC_ARC = YES;
				CLANG_ENABLE_OBJC_WEAK = YES;
				CLANG_WARN_BLOCK_CAPTURE_AUTORELEASING = YES;
				CLANG_WARN_BOOL_CONVERSION = YES;
				CLANG_WARN_COMMA = YES;
				CLANG_WARN_CONSTANT_CONVERSION = YES;
				CLANG_WARN_DEPRECATED_OBJC_IMPLEMENTATIONS = YES;
				CLANG_WARN_DIRECT_OBJC_ISA_USAGE = YES_ERROR;
				CLANG_WARN_DOCUMENTATION_COMMENTS = YES;
				CLANG_WARN_EMPTY_BODY = YES;
				CLANG_WARN_ENUM_CONVERSION = YES;
				CLANG_WARN_INFINITE_RECURSION = YES;
				CLANG_WARN_INT_CONVERSION = YES;
				CLANG_WARN_NON_LITERAL_NULL_CONVERSION = YES;
				CLANG_WARN_OBJC_IMPLICIT_RETAIN_SELF = YES;
				CLANG_WARN_OBJC_LITERAL_CONVERSION = YES;
				CLANG_WARN_OBJC_ROOT_CLASS = YES_ERROR;
				CLANG_WARN_QUOTED_INCLUDE_IN_FRAMEWORK_HEADER = YES;
				CLANG_WARN_RANGE_LOOP_ANALYSIS = YES;
				CLANG_WARN_STRICT_PROTOTYPES = YES;
				CLANG_WARN_SUSPICIOUS_MOVE = YES;
				CLANG_WARN_UNGUARDED_AVAILABILITY = YES_AGGRESSIVE;
				CLANG_WARN_UNREACHABLE_CODE = YES;
				CLANG_WARN__DUPLICATE_METHOD_MATCH = YES;
				COPY_PHASE_STRIP = NO;
				DEBUG_INFORMATION_FORMAT = dwarf;
				ENABLE_STRICT_OBJC_MSGSEND = YES;
				ENABLE_TESTABILITY = YES;
				ENABLE_USER_SCRIPT_SANDBOXING = YES;
				GCC_C_LANGUAGE_STANDARD = gnu17;
				GCC_DYNAMIC_NO_PIC = NO;
				GCC_NO_COMMON_BLOCKS = YES;
				GCC_OPTIMIZATION_LEVEL = 0;
				GCC_PREPROCESSOR_DEFINITIONS = (
					"DEBUG=1",
					"$(inherited)",
				);
				GCC_WARN_64_TO_32_BIT_CONVERSION = YES;
				GCC_WARN_ABOUT_RETURN_TYPE = YES_ERROR;
				GCC_WARN_UNDECLARED_SELECTOR = YES;
				GCC_WARN_UNINITIALIZED_AUTOS = YES_AGGRESSIVE;
				GCC_WARN_UNUSED_FUNCTION = YES;
				GCC_WARN_UNUSED_VARIABLE = YES;
				IPHONEOS_DEPLOYMENT_TARGET = 17.5;
				LOCALIZATION_PREFERS_STRING_CATALOGS = YES;
				MTL_ENABLE_DEBUG_INFO = INCLUDE_SOURCE;
				MTL_FAST_MATH = YES;
				ONLY_ACTIVE_ARCH = YES;
				SDKROOT = iphoneos;
				SWIFT_ACTIVE_COMPILATION_CONDITIONS = "DEBUG $(inherited)";
				SWIFT_OPTIMIZATION_LEVEL = "-Onone";
			};
			name = Debug;
		};
		34B38C3C2C5F9F0700C2CAAD /* Release */ = {
			isa = XCBuildConfiguration;
			buildSettings = {
				ALWAYS_SEARCH_USER_PATHS = NO;
				ASSETCATALOG_COMPILER_GENERATE_SWIFT_ASSET_SYMBOL_EXTENSIONS = YES;
				CLANG_ANALYZER_NONNULL = YES;
				CLANG_ANALYZER_NUMBER_OBJECT_CONVERSION = YES_AGGRESSIVE;
				CLANG_CXX_LANGUAGE_STANDARD = "gnu++20";
				CLANG_ENABLE_MODULES = YES;
				CLANG_ENABLE_OBJC_ARC = YES;
				CLANG_ENABLE_OBJC_WEAK = YES;
				CLANG_WARN_BLOCK_CAPTURE_AUTORELEASING = YES;
				CLANG_WARN_BOOL_CONVERSION = YES;
				CLANG_WARN_COMMA = YES;
				CLANG_WARN_CONSTANT_CONVERSION = YES;
				CLANG_WARN_DEPRECATED_OBJC_IMPLEMENTATIONS = YES;
				CLANG_WARN_DIRECT_OBJC_ISA_USAGE = YES_ERROR;
				CLANG_WARN_DOCUMENTATION_COMMENTS = YES;
				CLANG_WARN_EMPTY_BODY = YES;
				CLANG_WARN_ENUM_CONVERSION = YES;
				CLANG_WARN_INFINITE_RECURSION = YES;
				CLANG_WARN_INT_CONVERSION = YES;
				CLANG_WARN_NON_LITERAL_NULL_CONVERSION = YES;
				CLANG_WARN_OBJC_IMPLICIT_RETAIN_SELF = YES;
				CLANG_WARN_OBJC_LITERAL_CONVERSION = YES;
				CLANG_WARN_OBJC_ROOT_CLASS = YES_ERROR;
				CLANG_WARN_QUOTED_INCLUDE_IN_FRAMEWORK_HEADER = YES;
				CLANG_WARN_RANGE_LOOP_ANALYSIS = YES;
				CLANG_WARN_STRICT_PROTOTYPES = YES;
				CLANG_WARN_SUSPICIOUS_MOVE = YES;
				CLANG_WARN_UNGUARDED_AVAILABILITY = YES_AGGRESSIVE;
				CLANG_WARN_UNREACHABLE_CODE = YES;
				CLANG_WARN__DUPLICATE_METHOD_MATCH = YES;
				COPY_PHASE_STRIP = NO;
				DEBUG_INFORMATION_FORMAT = "dwarf-with-dsym";
				ENABLE_NS_ASSERTIONS = NO;
				ENABLE_STRICT_OBJC_MSGSEND = YES;
				ENABLE_USER_SCRIPT_SANDBOXING = YES;
				GCC_C_LANGUAGE_STANDARD = gnu17;
				GCC_NO_COMMON_BLOCKS = YES;
				GCC_WARN_64_TO_32_BIT_CONVERSION = YES;
				GCC_WARN_ABOUT_RETURN_TYPE = YES_ERROR;
				GCC_WARN_UNDECLARED_SELECTOR = YES;
				GCC_WARN_UNINITIALIZED_AUTOS = YES_AGGRESSIVE;
				GCC_WARN_UNUSED_FUNCTION = YES;
				GCC_WARN_UNUSED_VARIABLE = YES;
				IPHONEOS_DEPLOYMENT_TARGET = 17.5;
				LOCALIZATION_PREFERS_STRING_CATALOGS = YES;
				MTL_ENABLE_DEBUG_INFO = NO;
				MTL_FAST_MATH = YES;
				SDKROOT = iphoneos;
				SWIFT_COMPILATION_MODE = wholemodule;
				VALIDATE_PRODUCT = YES;
			};
			name = Release;
		};
		34B38C3E2C5F9F0700C2CAAD /* Debug */ = {
			isa = XCBuildConfiguration;
			buildSettings = {
				ASSETCATALOG_COMPILER_APPICON_NAME = AppIcon;
				ASSETCATALOG_COMPILER_GLOBAL_ACCENT_COLOR_NAME = AccentColor;
				CODE_SIGN_STYLE = Automatic;
				CURRENT_PROJECT_VERSION = 1;
				DEVELOPMENT_ASSET_PATHS = "\"Asteroids/Preview Content\"";
				DEVELOPMENT_TEAM = 9GZ8FVR7LN;
				ENABLE_PREVIEWS = YES;
				GENERATE_INFOPLIST_FILE = YES;
				INFOPLIST_FILE = Asteroids/Info.plist;
				INFOPLIST_KEY_UIApplicationSceneManifest_Generation = YES;
				INFOPLIST_KEY_UIApplicationSupportsIndirectInputEvents = YES;
				INFOPLIST_KEY_UISupportedInterfaceOrientations_iPad = "UIInterfaceOrientationPortrait UIInterfaceOrientationPortraitUpsideDown UIInterfaceOrientationLandscapeLeft UIInterfaceOrientationLandscapeRight";
				INFOPLIST_KEY_UISupportedInterfaceOrientations_iPhone = "UIInterfaceOrientationPortrait UIInterfaceOrientationLandscapeLeft UIInterfaceOrientationLandscapeRight";
				LD_RUNPATH_SEARCH_PATHS = (
					"$(inherited)",
					"@executable_path/Frameworks",
				);
				MARKETING_VERSION = 1.0;
				PRODUCT_BUNDLE_IDENTIFIER = com.jaypeeff.authentication.Asteroids;
				PRODUCT_NAME = "$(TARGET_NAME)";
				SWIFT_EMIT_LOC_STRINGS = YES;
				SWIFT_VERSION = 5.0;
				TARGETED_DEVICE_FAMILY = "1,2";
			};
			name = Debug;
		};
		34B38C3F2C5F9F0700C2CAAD /* Release */ = {
			isa = XCBuildConfiguration;
			buildSettings = {
				ASSETCATALOG_COMPILER_APPICON_NAME = AppIcon;
				ASSETCATALOG_COMPILER_GLOBAL_ACCENT_COLOR_NAME = AccentColor;
				CODE_SIGN_STYLE = Automatic;
				CURRENT_PROJECT_VERSION = 1;
				DEVELOPMENT_ASSET_PATHS = "\"Asteroids/Preview Content\"";
				DEVELOPMENT_TEAM = 9GZ8FVR7LN;
				ENABLE_PREVIEWS = YES;
				GENERATE_INFOPLIST_FILE = YES;
				INFOPLIST_FILE = Asteroids/Info.plist;
				INFOPLIST_KEY_UIApplicationSceneManifest_Generation = YES;
				INFOPLIST_KEY_UIApplicationSupportsIndirectInputEvents = YES;
				INFOPLIST_KEY_UISupportedInterfaceOrientations_iPad = "UIInterfaceOrientationPortrait UIInterfaceOrientationPortraitUpsideDown UIInterfaceOrientationLandscapeLeft UIInterfaceOrientationLandscapeRight";
				INFOPLIST_KEY_UISupportedInterfaceOrientations_iPhone = "UIInterfaceOrientationPortrait UIInterfaceOrientationLandscapeLeft UIInterfaceOrientationLandscapeRight";
				LD_RUNPATH_SEARCH_PATHS = (
					"$(inherited)",
					"@executable_path/Frameworks",
				);
				MARKETING_VERSION = 1.0;
				PRODUCT_BUNDLE_IDENTIFIER = com.jaypeeff.authentication.Asteroids;
				PRODUCT_NAME = "$(TARGET_NAME)";
				SWIFT_EMIT_LOC_STRINGS = YES;
				SWIFT_VERSION = 5.0;
				TARGETED_DEVICE_FAMILY = "1,2";
			};
			name = Release;
		};
/* End XCBuildConfiguration section */

/* Begin XCConfigurationList section */
		34B38C2A2C5F9F0500C2CAAD /* Build configuration list for PBXProject "Asteroids" */ = {
			isa = XCConfigurationList;
			buildConfigurations = (
				34B38C3B2C5F9F0700C2CAAD /* Debug */,
				34B38C3C2C5F9F0700C2CAAD /* Release */,
			);
			defaultConfigurationIsVisible = 0;
			defaultConfigurationName = Release;
		};
		34B38C3D2C5F9F0700C2CAAD /* Build configuration list for PBXNativeTarget "Asteroids" */ = {
			isa = XCConfigurationList;
			buildConfigurations = (
				34B38C3E2C5F9F0700C2CAAD /* Debug */,
				34B38C3F2C5F9F0700C2CAAD /* Release */,
			);
			defaultConfigurationIsVisible = 0;
			defaultConfigurationName = Release;
		};
/* End XCConfigurationList section */
	};
	rootObject = 34B38C272C5F9F0500C2CAAD /* Project object */;
}
